
Microsoft Visual Studio Solution File, Format Version 11.00
# Visual Studio 2010
Project("{FAE04EC0-301F-11D3-BF4B-00C04F79EFBC}") = "PLCDB", "PLCDB\PLCDB.csproj", "{62F62833-CDCF-4DD0-B26B-1529967A6987}"
EndProject
Project("{FAE04EC0-301F-11D3-BF4B-00C04F79EFBC}") = "CapaDatos", "CapaDatos\CapaDatos.csproj", "{7492FBC6-4826-442A-827A-0F1206A89716}"
EndProject
Project("{FAE04EC0-301F-11D3-BF4B-00C04F79EFBC}") = "CapaEntidades", "CapaEntidades\CapaEntidades.csproj", "{C85C627F-8929-4EBF-AE31-A133CF4F977A}"
EndProject
Project("{FAE04EC0-301F-11D3-BF4B-00C04F79EFBC}") = "CapaControl", "CapaControl\CapaControl.csproj", "{74C5C286-517D-4A8C-BAA7-6C252707BF34}"
EndProject
Global
	GlobalSection(SolutionConfigurationPlatforms) = preSolution
		Debug|Any CPU = Debug|Any CPU
		Debug|Mixed Platforms = Debug|Mixed Platforms
		Debug|x86 = Debug|x86
		Release|Any CPU = Release|Any CPU
		Release|Mixed Platforms = Release|Mixed Platforms
		Release|x86 = Release|x86
	EndGlobalSection
	GlobalSection(ProjectConfigurationPlatforms) = postSolution
		{62F62833-CDCF-4DD0-B26B-1529967A6987}.Debug|Any CPU.ActiveCfg = Debug|x86
		{62F62833-CDCF-4DD0-B26B-1529967A6987}.Debug|Mixed Platforms.ActiveCfg = Debug|x86
		{62F62833-CDCF-4DD0-B26B-1529967A6987}.Debug|Mixed Platforms.Build.0 = Debug|x86
		{62F62833-CDCF-4DD0-B26B-1529967A6987}.Debug|x86.ActiveCfg = Debug|x86
		{62F62833-CDCF-4DD0-B26B-1529967A6987}.Debug|x86.Build.0 = Debug|x86
		{62F62833-CDCF-4DD0-B26B-1529967A6987}.Release|Any CPU.ActiveCfg = Release|x86
		{62F62833-CDCF-4DD0-B26B-1529967A6987}.Release|Mixed Platforms.ActiveCfg = Release|x86
		{62F62833-CDCF-4DD0-B26B-1529967A6987}.Release|Mixed Platforms.Build.0 = Release|x86
		{62F62833-CDCF-4DD0-B26B-1529967A6987}.Release|x86.ActiveCfg = Release|x86
		{62F62833-CDCF-4DD0-B26B-1529967A6987}.Release|x86.Build.0 = Release|x86
		{7492FBC6-4826-442A-827A-0F1206A89716}.Debug|Any CPU.ActiveCfg = Debug|Any CPU
		{7492FBC6-4826-442A-827A-0F1206A89716}.Debug|Any CPU.Build.0 = Debug|Any CPU
		{7492FBC6-4826-442A-827A-0F1206A89716}.Debug|Mixed Platforms.ActiveCfg = Debug|Any CPU
		{7492FBC6-4826-442A-827A-0F1206A89716}.Debug|Mixed Platforms.Build.0 = Debug|Any CPU
		{7492FBC6-4826-442A-827A-0F1206A89716}.Debug|x86.ActiveCfg = Debug|Any CPU
		{7492FBC6-4826-442A-827A-0F1206A89716}.Release|Any CPU.ActiveCfg = Release|Any CPU
		{7492FBC6-4826-442A-827A-0F1206A89716}.Release|Any CPU.Build.0 = Release|Any CPU
		{7492FBC6-4826-442A-827A-0F1206A89716}.Release|Mixed Platforms.ActiveCfg = Release|Any CPU
		{7492FBC6-4826-442A-827A-0F1206A89716}.Release|Mixed Platforms.Build.0 = Release|Any CPU
		{7492FBC6-4826-442A-827A-0F1206A89716}.Release|x86.ActiveCfg = Release|Any CPU
		{C85C627F-8929-4EBF-AE31-A133CF4F977A}.Debug|Any CPU.ActiveCfg = Debug|Any CPU
		{C85C627F-8929-4EBF-AE31-A133CF4F977A}.Debug|Any CPU.Build.0 = Debug|Any CPU
		{C85C627F-8929-4EBF-AE31-A133CF4F977A}.Debug|Mixed Platforms.ActiveCfg = Debug|Any CPU
		{C85C627F-8929-4EBF-AE31-A133CF4F977A}.Debug|Mixed Platforms.Build.0 = Debug|Any CPU
		{C85C627F-8929-4EBF-AE31-A133CF4F977A}.Debug|x86.ActiveCfg = Debug|Any CPU
		{C85C627F-8929-4EBF-AE31-A133CF4F977A}.Release|Any CPU.ActiveCfg = Release|Any CPU
		{C85C627F-8929-4EBF-AE31-A133CF4F977A}.Release|Any CPU.Build.0 = Release|Any CPU
		{C85C627F-8929-4EBF-AE31-A133CF4F977A}.Release|Mixed Platforms.ActiveCfg = Release|Any CPU
		{C85C627F-8929-4EBF-AE31-A133CF4F977A}.Release|Mixed Platforms.Build.0 = Release|Any CPU
		{C85C627F-8929-4EBF-AE31-A133CF4F977A}.Release|x86.ActiveCfg = Release|Any CPU
		{74C5C286-517D-4A8C-BAA7-6C252707BF34}.Debug|Any CPU.ActiveCfg = Debug|Any CPU
		{74C5C286-517D-4A8C-BAA7-6C252707BF34}.Debug|Any CPU.Build.0 = Debug|Any CPU
		{74C5C286-517D-4A8C-BAA7-6C252707BF34}.Debug|Mixed Platforms.ActiveCfg = Debug|Any CPU
		{74C5C286-517D-4A8C-BAA7-6C252707BF34}.Debug|Mixed Platforms.Build.0 = Debug|Any CPU
		{74C5C286-517D-4A8C-BAA7-6C252707BF34}.Debug|x86.ActiveCfg = Debug|Any CPU
		{74C5C286-517D-4A8C-BAA7-6C252707BF34}.Release|Any CPU.ActiveCfg = Release|Any CPU
		{74C5C286-517D-4A8C-BAA7-6C252707BF34}.Release|Any CPU.Build.0 = Release|Any CPU
		{74C5C286-517D-4A8C-BAA7-6C252707BF34}.Release|Mixed Platforms.ActiveCfg = Release|Any CPU
		{74C5C286-517D-4A8C-BAA7-6C252707BF34}.Release|Mixed Platforms.Build.0 = Release|Any CPU
		{74C5C286-517D-4A8C-BAA7-6C252707BF34}.Release|x86.ActiveCfg = Release|Any CPU
	EndGlobalSection
	GlobalSection(SolutionProperties) = preSolution
		HideSolutionNode = FALSE
	EndGlobalSection
EndGlobal
